
Microsoft Visual Studio Solution File, Format Version 12.00
# Visual Studio 15
VisualStudioVersion = 15.0.26124.0
MinimumVisualStudioVersion = 15.0.26124.0
Project("{FAE04EC0-301F-11D3-BF4B-00C04F79EFBC}") = "Domain", "Domain\Domain.csproj", "{E7F554C7-7AF0-4DD8-8716-0D7073C49081}"
EndProject
Project("{FAE04EC0-301F-11D3-BF4B-00C04F79EFBC}") = "Application", "Application\Application.csproj", "{25526B63-8A83-433C-83A7-72558B926F45}"
EndProject
Project("{FAE04EC0-301F-11D3-BF4B-00C04F79EFBC}") = "Persistence", "Persistence\Persistence.csproj", "{3F0B8841-C1C5-4DB5-9B9F-AE45C0556781}"
EndProject
Project("{FAE04EC0-301F-11D3-BF4B-00C04F79EFBC}") = "API", "API\API.csproj", "{5D72FE03-4917-4452-957F-E19D4D1DA08B}"
EndProject
Global
	GlobalSection(SolutionConfigurationPlatforms) = preSolution
		Debug|Any CPU = Debug|Any CPU
		Debug|x64 = Debug|x64
		Debug|x86 = Debug|x86
		Release|Any CPU = Release|Any CPU
		Release|x64 = Release|x64
		Release|x86 = Release|x86
	EndGlobalSection
	GlobalSection(SolutionProperties) = preSolution
		HideSolutionNode = FALSE
	EndGlobalSection
	GlobalSection(ProjectConfigurationPlatforms) = postSolution
		{E7F554C7-7AF0-4DD8-8716-0D7073C49081}.Debug|Any CPU.ActiveCfg = Debug|Any CPU
		{E7F554C7-7AF0-4DD8-8716-0D7073C49081}.Debug|Any CPU.Build.0 = Debug|Any CPU
		{E7F554C7-7AF0-4DD8-8716-0D7073C49081}.Debug|x64.ActiveCfg = Debug|Any CPU
		{E7F554C7-7AF0-4DD8-8716-0D7073C49081}.Debug|x64.Build.0 = Debug|Any CPU
		{E7F554C7-7AF0-4DD8-8716-0D7073C49081}.Debug|x86.ActiveCfg = Debug|Any CPU
		{E7F554C7-7AF0-4DD8-8716-0D7073C49081}.Debug|x86.Build.0 = Debug|Any CPU
		{E7F554C7-7AF0-4DD8-8716-0D7073C49081}.Release|Any CPU.ActiveCfg = Release|Any CPU
		{E7F554C7-7AF0-4DD8-8716-0D7073C49081}.Release|Any CPU.Build.0 = Release|Any CPU
		{E7F554C7-7AF0-4DD8-8716-0D7073C49081}.Release|x64.ActiveCfg = Release|Any CPU
		{E7F554C7-7AF0-4DD8-8716-0D7073C49081}.Release|x64.Build.0 = Release|Any CPU
		{E7F554C7-7AF0-4DD8-8716-0D7073C49081}.Release|x86.ActiveCfg = Release|Any CPU
		{E7F554C7-7AF0-4DD8-8716-0D7073C49081}.Release|x86.Build.0 = Release|Any CPU
		{25526B63-8A83-433C-83A7-72558B926F45}.Debug|Any CPU.ActiveCfg = Debug|Any CPU
		{25526B63-8A83-433C-83A7-72558B926F45}.Debug|Any CPU.Build.0 = Debug|Any CPU
		{25526B63-8A83-433C-83A7-72558B926F45}.Debug|x64.ActiveCfg = Debug|Any CPU
		{25526B63-8A83-433C-83A7-72558B926F45}.Debug|x64.Build.0 = Debug|Any CPU
		{25526B63-8A83-433C-83A7-72558B926F45}.Debug|x86.ActiveCfg = Debug|Any CPU
		{25526B63-8A83-433C-83A7-72558B926F45}.Debug|x86.Build.0 = Debug|Any CPU
		{25526B63-8A83-433C-83A7-72558B926F45}.Release|Any CPU.ActiveCfg = Release|Any CPU
		{25526B63-8A83-433C-83A7-72558B926F45}.Release|Any CPU.Build.0 = Release|Any CPU
		{25526B63-8A83-433C-83A7-72558B926F45}.Release|x64.ActiveCfg = Release|Any CPU
		{25526B63-8A83-433C-83A7-72558B926F45}.Release|x64.Build.0 = Release|Any CPU
		{25526B63-8A83-433C-83A7-72558B926F45}.Release|x86.ActiveCfg = Release|Any CPU
		{25526B63-8A83-433C-83A7-72558B926F45}.Release|x86.Build.0 = Release|Any CPU
		{3F0B8841-C1C5-4DB5-9B9F-AE45C0556781}.Debug|Any CPU.ActiveCfg = Debug|Any CPU
		{3F0B8841-C1C5-4DB5-9B9F-AE45C0556781}.Debug|Any CPU.Build.0 = Debug|Any CPU
		{3F0B8841-C1C5-4DB5-9B9F-AE45C0556781}.Debug|x64.ActiveCfg = Debug|Any CPU
		{3F0B8841-C1C5-4DB5-9B9F-AE45C0556781}.Debug|x64.Build.0 = Debug|Any CPU
		{3F0B8841-C1C5-4DB5-9B9F-AE45C0556781}.Debug|x86.ActiveCfg = Debug|Any CPU
		{3F0B8841-C1C5-4DB5-9B9F-AE45C0556781}.Debug|x86.Build.0 = Debug|Any CPU
		{3F0B8841-C1C5-4DB5-9B9F-AE45C0556781}.Release|Any CPU.ActiveCfg = Release|Any CPU
		{3F0B8841-C1C5-4DB5-9B9F-AE45C0556781}.Release|Any CPU.Build.0 = Release|Any CPU
		{3F0B8841-C1C5-4DB5-9B9F-AE45C0556781}.Release|x64.ActiveCfg = Release|Any CPU
		{3F0B8841-C1C5-4DB5-9B9F-AE45C0556781}.Release|x64.Build.0 = Release|Any CPU
		{3F0B8841-C1C5-4DB5-9B9F-AE45C0556781}.Release|x86.ActiveCfg = Release|Any CPU
		{3F0B8841-C1C5-4DB5-9B9F-AE45C0556781}.Release|x86.Build.0 = Release|Any CPU
		{5D72FE03-4917-4452-957F-E19D4D1DA08B}.Debug|Any CPU.ActiveCfg = Debug|Any CPU
		{5D72FE03-4917-4452-957F-E19D4D1DA08B}.Debug|Any CPU.Build.0 = Debug|Any CPU
		{5D72FE03-4917-4452-957F-E19D4D1DA08B}.Debug|x64.ActiveCfg = Debug|Any CPU
		{5D72FE03-4917-4452-957F-E19D4D1DA08B}.Debug|x64.Build.0 = Debug|Any CPU
		{5D72FE03-4917-4452-957F-E19D4D1DA08B}.Debug|x86.ActiveCfg = Debug|Any CPU
		{5D72FE03-4917-4452-957F-E19D4D1DA08B}.Debug|x86.Build.0 = Debug|Any CPU
		{5D72FE03-4917-4452-957F-E19D4D1DA08B}.Release|Any CPU.ActiveCfg = Release|Any CPU
		{5D72FE03-4917-4452-957F-E19D4D1DA08B}.Release|Any CPU.Build.0 = Release|Any CPU
		{5D72FE03-4917-4452-957F-E19D4D1DA08B}.Release|x64.ActiveCfg = Release|Any CPU
		{5D72FE03-4917-4452-957F-E19D4D1DA08B}.Release|x64.Build.0 = Release|Any CPU
		{5D72FE03-4917-4452-957F-E19D4D1DA08B}.Release|x86.ActiveCfg = Release|Any CPU
		{5D72FE03-4917-4452-957F-E19D4D1DA08B}.Release|x86.Build.0 = Release|Any CPU
	EndGlobalSection
EndGlobal
